
Microsoft Visual Studio Solution File, Format Version 12.00
# Visual Studio Version 17
VisualStudioVersion = 17.4.33213.308
MinimumVisualStudioVersion = 10.0.40219.1
Project("{FAE04EC0-301F-11D3-BF4B-00C04F79EFBC}") = "ForumApp", "ForumApp\ForumApp.csproj", "{D9A259F0-EB39-406F-BA56-E79590FCD4B2}"
EndProject
Project("{FAE04EC0-301F-11D3-BF4B-00C04F79EFBC}") = "ForumApp.Core", "ForumApp.Core\ForumApp.Core.csproj", "{1E3EBE09-2326-4968-BAF3-1BC132F32E51}"
EndProject
Project("{FAE04EC0-301F-11D3-BF4B-00C04F79EFBC}") = "ForumApp.Infrastructure", "ForumApp.Infrastructure\ForumApp.Infrastructure.csproj", "{AB83BBCF-2E67-46B2-A611-EC2011CC2EA5}"
EndProject
Global
	GlobalSection(SolutionConfigurationPlatforms) = preSolution
		Debug|Any CPU = Debug|Any CPU
		Release|Any CPU = Release|Any CPU
	EndGlobalSection
	GlobalSection(ProjectConfigurationPlatforms) = postSolution
		{D9A259F0-EB39-406F-BA56-E79590FCD4B2}.Debug|Any CPU.ActiveCfg = Debug|Any CPU
		{D9A259F0-EB39-406F-BA56-E79590FCD4B2}.Debug|Any CPU.Build.0 = Debug|Any CPU
		{D9A259F0-EB39-406F-BA56-E79590FCD4B2}.Release|Any CPU.ActiveCfg = Release|Any CPU
		{D9A259F0-EB39-406F-BA56-E79590FCD4B2}.Release|Any CPU.Build.0 = Release|Any CPU
		{1E3EBE09-2326-4968-BAF3-1BC132F32E51}.Debug|Any CPU.ActiveCfg = Debug|Any CPU
		{1E3EBE09-2326-4968-BAF3-1BC132F32E51}.Debug|Any CPU.Build.0 = Debug|Any CPU
		{1E3EBE09-2326-4968-BAF3-1BC132F32E51}.Release|Any CPU.ActiveCfg = Release|Any CPU
		{1E3EBE09-2326-4968-BAF3-1BC132F32E51}.Release|Any CPU.Build.0 = Release|Any CPU
		{AB83BBCF-2E67-46B2-A611-EC2011CC2EA5}.Debug|Any CPU.ActiveCfg = Debug|Any CPU
		{AB83BBCF-2E67-46B2-A611-EC2011CC2EA5}.Debug|Any CPU.Build.0 = Debug|Any CPU
		{AB83BBCF-2E67-46B2-A611-EC2011CC2EA5}.Release|Any CPU.ActiveCfg = Release|Any CPU
		{AB83BBCF-2E67-46B2-A611-EC2011CC2EA5}.Release|Any CPU.Build.0 = Release|Any CPU
	EndGlobalSection
	GlobalSection(SolutionProperties) = preSolution
		HideSolutionNode = FALSE
	EndGlobalSection
	GlobalSection(ExtensibilityGlobals) = postSolution
		SolutionGuid = {8033C1CE-569E-4A67-A988-8A5A75613AC1}
	EndGlobalSection
EndGlobal
