
Microsoft Visual Studio Solution File, Format Version 12.00
# Visual Studio Version 17
VisualStudioVersion = 17.4.33213.308
MinimumVisualStudioVersion = 10.0.40219.1
Project("{FAE04EC0-301F-11D3-BF4B-00C04F79EFBC}") = "TextSplitterApp", "3. Text Splitter App\TextSplitterApp.csproj", "{2194C8A2-6840-424B-9DC9-F1B89F3340A2}"
EndProject
Global
	GlobalSection(SolutionConfigurationPlatforms) = preSolution
		Debug|Any CPU = Debug|Any CPU
		Release|Any CPU = Release|Any CPU
	EndGlobalSection
	GlobalSection(ProjectConfigurationPlatforms) = postSolution
		{2194C8A2-6840-424B-9DC9-F1B89F3340A2}.Debug|Any CPU.ActiveCfg = Debug|Any CPU
		{2194C8A2-6840-424B-9DC9-F1B89F3340A2}.Debug|Any CPU.Build.0 = Debug|Any CPU
		{2194C8A2-6840-424B-9DC9-F1B89F3340A2}.Release|Any CPU.ActiveCfg = Release|Any CPU
		{2194C8A2-6840-424B-9DC9-F1B89F3340A2}.Release|Any CPU.Build.0 = Release|Any CPU
	EndGlobalSection
	GlobalSection(SolutionProperties) = preSolution
		HideSolutionNode = FALSE
	EndGlobalSection
	GlobalSection(ExtensibilityGlobals) = postSolution
		SolutionGuid = {309765E2-0017-4923-8AED-813ED4A10E1B}
	EndGlobalSection
EndGlobal
